
Microsoft Visual Studio Solution File, Format Version 12.00
# Visual Studio Version 17
VisualStudioVersion = 17.7.34018.315
MinimumVisualStudioVersion = 10.0.40219.1
Project("{FAE04EC0-301F-11D3-BF4B-00C04F79EFBC}") = "Problema 3", "Problema 3\Problema 3.csproj", "{9FB913BA-0847-40D4-BE2F-B37CE875481D}"
EndProject
Global
	GlobalSection(SolutionConfigurationPlatforms) = preSolution
		Debug|Any CPU = Debug|Any CPU
		Release|Any CPU = Release|Any CPU
	EndGlobalSection
	GlobalSection(ProjectConfigurationPlatforms) = postSolution
		{9FB913BA-0847-40D4-BE2F-B37CE875481D}.Debug|Any CPU.ActiveCfg = Debug|Any CPU
		{9FB913BA-0847-40D4-BE2F-B37CE875481D}.Debug|Any CPU.Build.0 = Debug|Any CPU
		{9FB913BA-0847-40D4-BE2F-B37CE875481D}.Release|Any CPU.ActiveCfg = Release|Any CPU
		{9FB913BA-0847-40D4-BE2F-B37CE875481D}.Release|Any CPU.Build.0 = Release|Any CPU
	EndGlobalSection
	GlobalSection(SolutionProperties) = preSolution
		HideSolutionNode = FALSE
	EndGlobalSection
	GlobalSection(ExtensibilityGlobals) = postSolution
		SolutionGuid = {72792BEF-1A9C-48BF-8238-8D59A293F0BC}
	EndGlobalSection
EndGlobal
